{
  "projects": [
    {
      "projectId": "8hqEu73KETDHFVi1kzitzB",
      "version": "4.0.0",
      "dependencies": {},
      "lang": "ts",
      "fileLocks": [
        {
          "type": "globalVariant",
          "assetId": "kzUuu8EQK-84",
          "checksum": "efeec9f527d74045433fc35dd700eb43"
        },
        {
          "type": "globalVariant",
          "assetId": "4o07efrW3bsm",
          "checksum": "80194837ac2f8ef4f78902a858431e38"
        },
        {
          "assetId": "8hqEu73KETDHFVi1kzitzB",
          "type": "projectCss",
          "checksum": "e69ce151ba70d8ba20fdaa245774406e"
        }
      ],
      "codegenVersion": "0.0.1"
    },
    {
      "projectId": "b1udyYxbVnA5YsUcRMaXei",
      "version": "4.0.0",
      "dependencies": {
        "8hqEu73KETDHFVi1kzitzB": "4.0.0"
      },
      "lang": "ts",
      "fileLocks": [
        {
          "type": "globalVariant",
          "assetId": "xTP_oJHDBvX7",
          "checksum": "6fbf71912289292ab6e7a6320b9287b6"
        },
        {
          "type": "globalVariant",
          "assetId": "hRp4Pxy9jJeD",
          "checksum": "af28a4bd4792aa91fc68e601a64e1b8b"
        },
        {
          "type": "globalVariant",
          "assetId": "0bVElF6gUuDv",
          "checksum": "241db9ef0eaa2f14b88eb80767b27dbd"
        },
        {
          "assetId": "b1udyYxbVnA5YsUcRMaXei",
          "type": "projectCss",
          "checksum": "e7b7dfa8d6cf28cf4db903ac070a074e"
        }
      ],
      "codegenVersion": "0.0.1"
    },
    {
      "projectId": "5ccFCnH7of5M9MPpSs86Uj",
      "version": "9.1.0",
      "dependencies": {
        "b1udyYxbVnA5YsUcRMaXei": "4.0.0",
        "8hqEu73KETDHFVi1kzitzB": "4.0.0"
      },
      "lang": "ts",
      "fileLocks": [
        {
          "type": "globalVariant",
          "assetId": "iBqM47mEa9Q8",
          "checksum": "dfb2ee791b7a3f62f24902e09d70bb4a"
        },
        {
          "type": "globalVariant",
          "assetId": "VsKhvmRt9YLD",
          "checksum": "36158d9860b9e6e539322c5938340bb0"
        },
        {
          "assetId": "5ccFCnH7of5M9MPpSs86Uj",
          "type": "projectCss",
          "checksum": "8d2b8af71bb6abc6b24045dcae377deb"
        },
        {
          "type": "renderModule",
          "assetId": "7RW-0EHs1VqU",
          "checksum": "3616a5c401079e3ce8bc0d83945f4e77"
        },
        {
          "type": "cssRules",
          "assetId": "7RW-0EHs1VqU",
          "checksum": "3616a5c401079e3ce8bc0d83945f4e77"
        },
        {
          "type": "renderModule",
          "assetId": "1QrNyfW0H0c7",
          "checksum": "564bb61a963d9c1ffa7458c27412933c"
        },
        {
          "type": "cssRules",
          "assetId": "1QrNyfW0H0c7",
          "checksum": "564bb61a963d9c1ffa7458c27412933c"
        },
        {
          "type": "renderModule",
          "assetId": "6dDHFP7ZfUNX",
          "checksum": "ebb6351ea4f6008f1fe0e6ba7a242e3c"
        },
        {
          "type": "cssRules",
          "assetId": "6dDHFP7ZfUNX",
          "checksum": "ebb6351ea4f6008f1fe0e6ba7a242e3c"
        },
        {
          "type": "renderModule",
          "assetId": "BZyQOLb-FXVn",
          "checksum": "97c966f6dc4b9c7109d4832985073ec4"
        },
        {
          "type": "cssRules",
          "assetId": "BZyQOLb-FXVn",
          "checksum": "97c966f6dc4b9c7109d4832985073ec4"
        },
        {
          "type": "renderModule",
          "assetId": "FMfmna58k2wg",
          "checksum": "13f23b7a4943662e6908e15d5de9a720"
        },
        {
          "type": "cssRules",
          "assetId": "FMfmna58k2wg",
          "checksum": "13f23b7a4943662e6908e15d5de9a720"
        },
        {
          "type": "renderModule",
          "assetId": "rSHAt6reuZrC",
          "checksum": "3d0ce5c0b6c59b0d75dc9fa7b6f8902b"
        },
        {
          "type": "cssRules",
          "assetId": "rSHAt6reuZrC",
          "checksum": "3d0ce5c0b6c59b0d75dc9fa7b6f8902b"
        },
        {
          "type": "renderModule",
          "assetId": "r-vWKNVgrLWd",
          "checksum": "396055991334851ab68bc0c36b48a89b"
        },
        {
          "type": "cssRules",
          "assetId": "r-vWKNVgrLWd",
          "checksum": "396055991334851ab68bc0c36b48a89b"
        },
        {
          "type": "renderModule",
          "assetId": "XlGkKwRu0dWg",
          "checksum": "783385ca3a24af554c9475c43deee532"
        },
        {
          "type": "cssRules",
          "assetId": "XlGkKwRu0dWg",
          "checksum": "783385ca3a24af554c9475c43deee532"
        },
        {
          "type": "icon",
          "assetId": "Gl9W2RPSIc13",
          "checksum": "f416e8cc8e0da57c7e71cdb9b4dbef27"
        },
        {
          "type": "icon",
          "assetId": "WAD5gXhAHTho",
          "checksum": "a2e447133d7e5049bca852e66ddcad04"
        },
        {
          "type": "icon",
          "assetId": "MlhchHsrkhLc",
          "checksum": "da67b6a49c46c31e9ad7025670e18944"
        },
        {
          "type": "icon",
          "assetId": "t3fZD9xB_SEP",
          "checksum": "094c01d29cd0af5c967f6061778b3224"
        },
        {
          "type": "icon",
          "assetId": "XpwP7q_QcnE5",
          "checksum": "0f2fbade8c72738719ed3f35679002a9"
        },
        {
          "type": "icon",
          "assetId": "0asLT5-SSW8z",
          "checksum": "d57f92a2d6d54d2e2fc790bc069e393c"
        },
        {
          "type": "icon",
          "assetId": "hwpcdCJ1Od7x",
          "checksum": "e89fe22aa737c81ea561ab87ce96a882"
        },
        {
          "type": "icon",
          "assetId": "-27yv1XvjIyj",
          "checksum": "4c4a939206355e4c31caba79273aed82"
        },
        {
          "type": "icon",
          "assetId": "D3EAl01hL1am",
          "checksum": "e969ef941afd4eed5bec208ab7a5e4a3"
        },
        {
          "type": "icon",
          "assetId": "ekl2l3FN_-M6",
          "checksum": "047b5e59253c37672e8b90c1b18e486f"
        },
        {
          "type": "icon",
          "assetId": "EIuY-mzHIAu1",
          "checksum": "f94f87163b257d871481304b049b47c6"
        },
        {
          "type": "icon",
          "assetId": "v9rdieIzhK2k",
          "checksum": "7d76ef5c3b0eca9167e7e6650e534d61"
        },
        {
          "type": "icon",
          "assetId": "iF4E_xops87t",
          "checksum": "e7e26a9a1d19694d3713caf427662942"
        },
        {
          "type": "icon",
          "assetId": "YiF5QN5X5Ngd",
          "checksum": "c76b2ec663c05e798b6c3877d150c2fe"
        },
        {
          "type": "icon",
          "assetId": "nPnLUn6MsX7F",
          "checksum": "59af688a36d0bf1177b4a8c3841c3c64"
        },
        {
          "type": "icon",
          "assetId": "svdAH5AfFjuz",
          "checksum": "e8e41058cf5cd82523b0dd22a38fe9bf"
        },
        {
          "type": "icon",
          "assetId": "GJAHaei3LL9P",
          "checksum": "7dbca46e45c5c79a6fbd13eeb2857f98"
        },
        {
          "type": "icon",
          "assetId": "UPCxCbL5aWJr",
          "checksum": "243ca50b0a7c0960ba765850a2bcfe67"
        }
      ],
      "codegenVersion": "0.0.1"
    },
    {
      "projectId": "ddwNfuV1d3sS7wxTc5aLdh",
      "version": "3.0.2",
      "dependencies": {
        "8hqEu73KETDHFVi1kzitzB": "4.0.0",
        "b1udyYxbVnA5YsUcRMaXei": "4.0.0",
        "5ccFCnH7of5M9MPpSs86Uj": "9.1.0"
      },
      "lang": "ts",
      "fileLocks": [
        {
          "type": "globalVariant",
          "assetId": "FdOnD61AQuYJ",
          "checksum": "808404ccc1176f11f8f455206656f5eb"
        },
        {
          "type": "globalVariant",
          "assetId": "gje4CDHUuqhO",
          "checksum": "5f9cf397d7dcd91159ad708480d2a034"
        },
        {
          "assetId": "ddwNfuV1d3sS7wxTc5aLdh",
          "type": "projectCss",
          "checksum": "6d75bd3fb66ab361e7049d2020030abd"
        },
        {
          "type": "renderModule",
          "assetId": "Gs3MCCEEfJ-V",
          "checksum": "6fda95485549a4783623b80567d76876"
        },
        {
          "type": "cssRules",
          "assetId": "Gs3MCCEEfJ-V",
          "checksum": "6fda95485549a4783623b80567d76876"
        },
        {
          "type": "renderModule",
          "assetId": "7lr5qwctNVnD",
          "checksum": "5be1a2c982285f05b0fd63757266cee8"
        },
        {
          "type": "cssRules",
          "assetId": "7lr5qwctNVnD",
          "checksum": "5be1a2c982285f05b0fd63757266cee8"
        },
        {
          "type": "renderModule",
          "assetId": "cP0P4GAiadOu",
          "checksum": "6ca0770e5250bf45fd5e5c1c0cd071b6"
        },
        {
          "type": "cssRules",
          "assetId": "cP0P4GAiadOu",
          "checksum": "6ca0770e5250bf45fd5e5c1c0cd071b6"
        },
        {
          "type": "renderModule",
          "assetId": "_iYdZIivYdSy",
          "checksum": "2df6b216a607782eb6b1fb364259b060"
        },
        {
          "type": "cssRules",
          "assetId": "_iYdZIivYdSy",
          "checksum": "2df6b216a607782eb6b1fb364259b060"
        },
        {
          "type": "renderModule",
          "assetId": "LvU4TvDvM6p3",
          "checksum": "6d0bf0ce4a922beba7b6258961f1f044"
        },
        {
          "type": "cssRules",
          "assetId": "LvU4TvDvM6p3",
          "checksum": "6d0bf0ce4a922beba7b6258961f1f044"
        },
        {
          "type": "icon",
          "assetId": "9ba9sRgy1uTP",
          "checksum": "17a1716b4639b83b091118e42aec7c6a"
        },
        {
          "type": "icon",
          "assetId": "zUqh1-YW5mI3",
          "checksum": "d0b6166147315ad41a85ba6d197356b7"
        },
        {
          "type": "icon",
          "assetId": "6hDsAWpXvZ_f",
          "checksum": "cc2e8bf1d36d25a94ae1acef5e68acb3"
        },
        {
          "type": "icon",
          "assetId": "qvsi7J7LnZv-",
          "checksum": "574b8151b496375698a2851604a715a2"
        },
        {
          "type": "icon",
          "assetId": "Fgwcr8HuXfIL",
          "checksum": "a78f20e31e6d1a4a2bf9188f4d49d386"
        },
        {
          "type": "icon",
          "assetId": "XqhThotfmE0_",
          "checksum": "e4de99e150b96883320c24c046f01b61"
        }
      ],
      "codegenVersion": "0.0.1"
    },
    {
      "projectId": "kBiiqTtxZvnVSTutAvHVvx",
      "version": "1.0.2",
      "dependencies": {
        "8hqEu73KETDHFVi1kzitzB": "4.0.0",
        "b1udyYxbVnA5YsUcRMaXei": "4.0.0",
        "5ccFCnH7of5M9MPpSs86Uj": "9.1.0",
        "ddwNfuV1d3sS7wxTc5aLdh": "3.0.2"
      },
      "lang": "ts",
      "fileLocks": [
        {
          "type": "globalVariant",
          "assetId": "IkjNdiMts5To",
          "checksum": "fa61a0cd4d3a8661872a0cd1acd63223"
        },
        {
          "assetId": "kBiiqTtxZvnVSTutAvHVvx",
          "type": "projectCss",
          "checksum": "c965446b112a39594ff139f5bab99152"
        },
        {
          "type": "renderModule",
          "assetId": "praQfa1JW-GU",
          "checksum": "ee2b41499cc6cd9ab82793064e94f195"
        },
        {
          "type": "cssRules",
          "assetId": "praQfa1JW-GU",
          "checksum": "ee2b41499cc6cd9ab82793064e94f195"
        },
        {
          "type": "renderModule",
          "assetId": "GAgBMdieo56a",
          "checksum": "915bae9dfd8707961eeff62b36d56216"
        },
        {
          "type": "cssRules",
          "assetId": "GAgBMdieo56a",
          "checksum": "915bae9dfd8707961eeff62b36d56216"
        },
        {
          "type": "renderModule",
          "assetId": "XKAFJuUYdmRi",
          "checksum": "7eef0d845294f8d4de0533988c364de8"
        },
        {
          "type": "cssRules",
          "assetId": "XKAFJuUYdmRi",
          "checksum": "7eef0d845294f8d4de0533988c364de8"
        },
        {
          "type": "renderModule",
          "assetId": "HqnaUHdWU3HH",
          "checksum": "e0eef2cfcd84a2c04e6621931d64c99b"
        },
        {
          "type": "cssRules",
          "assetId": "HqnaUHdWU3HH",
          "checksum": "e0eef2cfcd84a2c04e6621931d64c99b"
        },
        {
          "type": "renderModule",
          "assetId": "R5STJBdF2mzK",
          "checksum": "a4a8fe74c36c6b70eb57adef60177589"
        },
        {
          "type": "cssRules",
          "assetId": "R5STJBdF2mzK",
          "checksum": "a4a8fe74c36c6b70eb57adef60177589"
        },
        {
          "type": "renderModule",
          "assetId": "MJ8poo-NUbWA",
          "checksum": "e5b967d8736f45e093cb5f9c754cb258"
        },
        {
          "type": "cssRules",
          "assetId": "MJ8poo-NUbWA",
          "checksum": "e5b967d8736f45e093cb5f9c754cb258"
        },
        {
          "type": "renderModule",
          "assetId": "Uo1sLgw-UnSg",
          "checksum": "e61368309bb5d683bc8042c5b20e9ecc"
        },
        {
          "type": "cssRules",
          "assetId": "Uo1sLgw-UnSg",
          "checksum": "e61368309bb5d683bc8042c5b20e9ecc"
        },
        {
          "type": "icon",
          "assetId": "9QwoPsR9sZ94",
          "checksum": "28662c42a93da5fc444e9691ddaab51f"
        },
        {
          "type": "icon",
          "assetId": "ffMHMQk1s38a",
          "checksum": "86417adc40bdf3897e8cdd145961e211"
        },
        {
          "type": "icon",
          "assetId": "rx_pVmLoknH8",
          "checksum": "3d00322e6d042d2cf8966a56bab4f7c2"
        },
        {
          "type": "icon",
          "assetId": "_i53ZfNa0qkk",
          "checksum": "ff5c86398f30dcd6d97042330c5d147e"
        },
        {
          "type": "icon",
          "assetId": "gYZEnzsJ_DQt",
          "checksum": "b2e74b74a03f55366991da809309aca6"
        },
        {
          "type": "icon",
          "assetId": "16AcWWwp0_G-",
          "checksum": "3fb939e0e57724e2751b144d3ef9ee2b"
        },
        {
          "type": "image",
          "assetId": "8cC9KnRxYNF9",
          "checksum": "6f200ce9b12d0910ae2f98851bb325a3"
        },
        {
          "type": "image",
          "assetId": "cyxp-_Ij3Iyq",
          "checksum": "167d848557b4cc974db7ce1cc9114d3a"
        },
        {
          "type": "image",
          "assetId": "bGR7--tQLBnn",
          "checksum": "919e479f115a2bb6822e610fe9fea9e0"
        },
        {
          "type": "image",
          "assetId": "PhSMvYrywLh3",
          "checksum": "e1b7d9a87cc53a447e6bc76722aa6035"
        },
        {
          "type": "image",
          "assetId": "zl0txillkmMQ",
          "checksum": "e329d50718238bc66779fba82795b625"
        },
        {
          "type": "image",
          "assetId": "yxl0BV6yJZ21",
          "checksum": "ad8396518566baeda8e951cd083a4986"
        },
        {
          "type": "image",
          "assetId": "HoBhmJ9fvF5u",
          "checksum": "7e2924a6c8807543db67ced66335797c"
        }
      ],
      "codegenVersion": "0.0.1"
    },
    {
      "projectId": "t21UWfBLBu7JnTQPFAhPfr",
      "version": "latest",
      "dependencies": {
        "kBiiqTtxZvnVSTutAvHVvx": "1.0.2",
        "ddwNfuV1d3sS7wxTc5aLdh": "3.0.2",
        "5ccFCnH7of5M9MPpSs86Uj": "9.1.0",
        "b1udyYxbVnA5YsUcRMaXei": "4.0.0",
        "8hqEu73KETDHFVi1kzitzB": "4.0.0"
      },
      "lang": "ts",
      "fileLocks": [
        {
          "type": "globalVariant",
          "assetId": "QDqHygwJOgVv",
          "checksum": "4fc2f53ec31e0540abf7cd87fd3f041a"
        },
        {
          "assetId": "t21UWfBLBu7JnTQPFAhPfr",
          "type": "projectCss",
          "checksum": "3b33852a3381475957c7f9bc8e5eace4"
        },
        {
          "type": "renderModule",
          "assetId": "TJTGHROXeAqF",
          "checksum": "f6a15ffa8e865f2864e204af33d520f8"
        },
        {
          "type": "cssRules",
          "assetId": "TJTGHROXeAqF",
          "checksum": "f6a15ffa8e865f2864e204af33d520f8"
        },
        {
          "type": "icon",
          "assetId": "3ozKIxmlTbMe",
          "checksum": "373efdb1524f068c9e9be51056859446"
        },
        {
          "type": "icon",
          "assetId": "pS1bkIda1Q2x",
          "checksum": "f261440aaa364ccc10064c51fb0e98c0"
        },
        {
          "type": "icon",
          "assetId": "R-EuWMZazyXX",
          "checksum": "07435176a1c61a8e668d0cce0af65127"
        },
        {
          "type": "icon",
          "assetId": "VQlhWCON_Qmr",
          "checksum": "358749752c372195e705813215fd01eb"
        },
        {
          "type": "icon",
          "assetId": "uW_dYGygRLFb",
          "checksum": "28c52e3ab9ca6dddff0d2612a292858f"
        },
        {
          "type": "icon",
          "assetId": "W2M8Y232C8jL",
          "checksum": "0d714f7a52d3eb0c13af4b07fb6ba658"
        },
        {
          "type": "image",
          "assetId": "r_0qiWSJGj7V",
          "checksum": "7758088d4456231834e5a816e9fd34f6"
        },
        {
          "type": "image",
          "assetId": "f_MBoSc-qiYX",
          "checksum": "239cfb02cc1c182755e862006646555f"
        },
        {
          "type": "image",
          "assetId": "xiWun7XqUP8W",
          "checksum": "be3f323f252a739ad554a10e66c2d96e"
        },
        {
          "type": "image",
          "assetId": "DMRpx_e7nHf3",
          "checksum": "19bf96f29be8d87698837f4de23e02b9"
        },
        {
          "type": "image",
          "assetId": "2LpbTF3yJ9VF",
          "checksum": "13eb81b6994e67381572fceef1d6d922"
        },
        {
          "type": "image",
          "assetId": "boNSmVKIa8bT",
          "checksum": "5d1a09d425b048e51f52ba1419f91118"
        },
        {
          "type": "image",
          "assetId": "W00HtPZoelQi",
          "checksum": "4e64bf49871f86804e19a61527649d53"
        },
        {
          "type": "image",
          "assetId": "IMT7723tv4hx",
          "checksum": "240c95028db756069772b82d3c4c68f5"
        },
        {
          "type": "image",
          "assetId": "gg9TdqmP3SrB",
          "checksum": "0a6a3829149ffee52872eb4fa677cae1"
        },
        {
          "type": "image",
          "assetId": "lwLk-kfyUOym",
          "checksum": "d3b6bcfb3c7a5c67f8e87ec0dc1e2283"
        },
        {
          "type": "image",
          "assetId": "sGcFE-TGzA3a",
          "checksum": "c282e7847686e814928e49618103b9c3"
        },
        {
          "type": "image",
          "assetId": "BXLIPW4Sdu_H",
          "checksum": "d7e8f636946ecfadb253f520e8499b4a"
        }
      ],
      "codegenVersion": "0.0.1"
    }
  ],
  "cliVersion": "0.1.327"
}
